
Microsoft Visual Studio Solution File, Format Version 12.00
# Visual Studio 15
VisualStudioVersion = 15.0.28010.2026
MinimumVisualStudioVersion = 10.0.40219.1
Project("{8BC9CEB8-8B4A-11D0-8D11-00A0C91BC942}") = "pr3a", "pr3a\pr3a.vcxproj", "{8FF37EA6-13DD-497E-8D7F-D2433999D171}"
EndProject
Global
	GlobalSection(SolutionConfigurationPlatforms) = preSolution
		Debug|x64 = Debug|x64
		Debug|x86 = Debug|x86
		Release|x64 = Release|x64
		Release|x86 = Release|x86
	EndGlobalSection
	GlobalSection(ProjectConfigurationPlatforms) = postSolution
		{8FF37EA6-13DD-497E-8D7F-D2433999D171}.Debug|x64.ActiveCfg = Debug|x64
		{8FF37EA6-13DD-497E-8D7F-D2433999D171}.Debug|x64.Build.0 = Debug|x64
		{8FF37EA6-13DD-497E-8D7F-D2433999D171}.Debug|x86.ActiveCfg = Debug|Win32
		{8FF37EA6-13DD-497E-8D7F-D2433999D171}.Debug|x86.Build.0 = Debug|Win32
		{8FF37EA6-13DD-497E-8D7F-D2433999D171}.Release|x64.ActiveCfg = Release|x64
		{8FF37EA6-13DD-497E-8D7F-D2433999D171}.Release|x64.Build.0 = Release|x64
		{8FF37EA6-13DD-497E-8D7F-D2433999D171}.Release|x86.ActiveCfg = Release|Win32
		{8FF37EA6-13DD-497E-8D7F-D2433999D171}.Release|x86.Build.0 = Release|Win32
	EndGlobalSection
	GlobalSection(SolutionProperties) = preSolution
		HideSolutionNode = FALSE
	EndGlobalSection
	GlobalSection(ExtensibilityGlobals) = postSolution
		SolutionGuid = {B16F9A0F-CEB0-479A-85BE-E6C69F4E8F38}
	EndGlobalSection
EndGlobal
